PODS:
  - Flutter (1.0.0)
  - flutter_ios_voip_kit (0.0.1):
    - Flutter

DEPENDENCIES:
  - Flutter (from `Flutter`)
  - flutter_ios_voip_kit (from `.symlinks/plugins/flutter_ios_voip_kit/ios`)

EXTERNAL SOURCES:
  Flutter:
    :path: Flutter
  flutter_ios_voip_kit:
    :path: ".symlinks/plugins/flutter_ios_voip_kit/ios"

SPEC CHECKSUMS:
  Flutter: 0e3d915762c693b495b44d77113d4970485de6ec
  flutter_ios_voip_kit: a3b4c5bd0cfda5069b5605a6d1dc60ecf99c6299

PODFILE CHECKSUM: aafe91acc616949ddb318b77800a7f51bffa2a4c

COCOAPODS: 1.9.1
